// !$*UTF8*$!
{
	archiveVersion = 1;
	classes = {
	};
	objectVersion = 46;
	objects = {

/* Begin PBXBuildFile section */
		29DF30411BE0071B00E41B47 /* AppDelegate.swift in Sources */ = {isa = PBXBuildFile; fileRef = 29DF30401BE0071B00E41B47 /* AppDelegate.swift */; };
		29DF30431BE0071B00E41B47 /* ViewController.swift in Sources */ = {isa = PBXBuildFile; fileRef = 29DF30421BE0071B00E41B47 /* ViewController.swift */; };
		29DF30461BE0071B00E41B47 /* Main.storyboard in Resources */ = {isa = PBXBuildFile; fileRef = 29DF30441BE0071B00E41B47 /* Main.storyboard */; };
		29DF30491BE0071B00E41B47 /* Rapid.xcdatamodeld in Sources */ = {isa = PBXBuildFile; fileRef = 29DF30471BE0071B00E41B47 /* Rapid.xcdatamodeld */; };
		29DF304B1BE0071B00E41B47 /* Assets.xcassets in Resources */ = {isa = PBXBuildFile; fileRef = 29DF304A1BE0071B00E41B47 /* Assets.xcassets */; };
		29DF304E1BE0071B00E41B47 /* LaunchScreen.storyboard in Resources */ = {isa = PBXBuildFile; fileRef = 29DF304C1BE0071B00E41B47 /* LaunchScreen.storyboard */; };
		29DF30591BE0071B00E41B47 /* RapidTests.swift in Sources */ = {isa = PBXBuildFile; fileRef = 29DF30581BE0071B00E41B47 /* RapidTests.swift */; };
		29DF30641BE0071B00E41B47 /* RapidUITests.swift in Sources */ = {isa = PBXBuildFile; fileRef = 29DF30631BE0071B00E41B47 /* RapidUITests.swift */; };
		29F4FE8E1BE1D69D0012657F /* LoadNewsFeed.swift in Sources */ = {isa = PBXBuildFile; fileRef = 29F4FE8D1BE1D69D0012657F /* LoadNewsFeed.swift */; };
/* End PBXBuildFile section */

/* Begin PBXContainerItemProxy section */
		29DF30551BE0071B00E41B47 /* PBXContainerItemProxy */ = {
			isa = PBXContainerItemProxy;
			containerPortal = 29DF30351BE0071B00E41B47 /* Project object */;
			proxyType = 1;
			remoteGlobalIDString = 29DF303C1BE0071B00E41B47;
			remoteInfo = Rapid;
		};
		29DF30601BE0071B00E41B47 /* PBXContainerItemProxy */ = {
			isa = PBXContainerItemProxy;
			containerPortal = 29DF30351BE0071B00E41B47 /* Project object */;
			proxyType = 1;
			remoteGlobalIDString = 29DF303C1BE0071B00E41B47;
			remoteInfo = Rapid;
		};
/* End PBXContainerItemProxy section */

/* Begin PBXFileReference section */
		296ACE331BE83A1F00F95FF1 /* Comfortaa-Regular.ttf */ = {isa = PBXFileReference; lastKnownFileType = file; path = "Comfortaa-Regular.ttf"; sourceTree = "<group>"; };
		296ACE341BE83A1F00F95FF1 /* Comfortaa-Light.ttf */ = {isa = PBXFileReference; lastKnownFileType = file; path = "Comfortaa-Light.ttf"; sourceTree = "<group>"; };
		296ACE351BE83A1F00F95FF1 /* Comfortaa-Bold.ttf */ = {isa = PBXFileReference; lastKnownFileType = file; path = "Comfortaa-Bold.ttf"; sourceTree = "<group>"; };
		29DF303D1BE0071B00E41B47 /* Rapid.app */ = {isa = PBXFileReference; explicitFileType = wrapper.application; includeInIndex = 0; path = Rapid.app; sourceTree = BUILT_PRODUCTS_DIR; };
		29DF30401BE0071B00E41B47 /* AppDelegate.swift */ = {isa = PBXFileReference; lastKnownFileType = sourcecode.swift; path = AppDelegate.swift; sourceTree = "<group>"; };
		29DF30421BE0071B00E41B47 /* ViewController.swift */ = {isa = PBXFileReference; lastKnownFileType = sourcecode.swift; path = ViewController.swift; sourceTree = "<group>"; };
		29DF30451BE0071B00E41B47 /* Base */ = {isa = PBXFileReference; lastKnownFileType = file.storyboard; name = Base; path = Base.lproj/Main.storyboard; sourceTree = "<group>"; };
		29DF30481BE0071B00E41B47 /* Rapid.xcdatamodel */ = {isa = PBXFileReference; lastKnownFileType = wrapper.xcdatamodel; path = Rapid.xcdatamodel; sourceTree = "<group>"; };
		29DF304A1BE0071B00E41B47 /* Assets.xcassets */ = {isa = PBXFileReference; lastKnownFileType = folder.assetcatalog; path = Assets.xcassets; sourceTree = "<group>"; };
		29DF304D1BE0071B00E41B47 /* Base */ = {isa = PBXFileReference; lastKnownFileType = file.storyboard; name = Base; path = Base.lproj/LaunchScreen.storyboard; sourceTree = "<group>"; };
		29DF304F1BE0071B00E41B47 /* Info.plist */ = {isa = PBXFileReference; lastKnownFileType = text.plist.xml; path = Info.plist; sourceTree = "<group>"; };
		29DF30541BE0071B00E41B47 /* RapidTests.xctest */ = {isa = PBXFileReference; explicitFileType = wrapper.cfbundle; includeInIndex = 0; path = RapidTests.xctest; sourceTree = BUILT_PRODUCTS_DIR; };
		29DF30581BE0071B00E41B47 /* RapidTests.swift */ = {isa = PBXFileReference; lastKnownFileType = sourcecode.swift; path = RapidTests.swift; sourceTree = "<group>"; };
		29DF305A1BE0071B00E41B47 /* Info.plist */ = {isa = PBXFileReference; lastKnownFileType = text.plist.xml; path = Info.plist; sourceTree = "<group>"; };
		29DF305F1BE0071B00E41B47 /* RapidUITests.xctest */ = {isa = PBXFileReference; explicitFileType = wrapper.cfbundle; includeInIndex = 0; path = RapidUITests.xctest; sourceTree = BUILT_PRODUCTS_DIR; };
		29DF30631BE0071B00E41B47 /* RapidUITests.swift */ = {isa = PBXFileReference; lastKnownFileType = sourcecode.swift; path = RapidUITests.swift; sourceTree = "<group>"; };
		29DF30651BE0071B00E41B47 /* Info.plist */ = {isa = PBXFileReference; lastKnownFileType = text.plist.xml; path = Info.plist; sourceTree = "<group>"; };
		29F4FE8D1BE1D69D0012657F /* LoadNewsFeed.swift */ = {isa = PBXFileReference; fileEncoding = 4; lastKnownFileType = sourcecode.swift; path = LoadNewsFeed.swift; sourceTree = "<group>"; };
/* End PBXFileReference section */

/* Begin PBXFrameworksBuildPhase section */
		29DF303A1BE0071B00E41B47 /* Frameworks */ = {
			isa = PBXFrameworksBuildPhase;
			buildActionMask = 2147483647;
			files = (
			);
			runOnlyForDeploymentPostprocessing = 0;
		};
		29DF30511BE0071B00E41B47 /* Frameworks */ = {
			isa = PBXFrameworksBuildPhase;
			buildActionMask = 2147483647;
			files = (
			);
			runOnlyForDeploymentPostprocessing = 0;
		};
		29DF305C1BE0071B00E41B47 /* Frameworks */ = {
			isa = PBXFrameworksBuildPhase;
			buildActionMask = 2147483647;
			files = (
			);
			runOnlyForDeploymentPostprocessing = 0;
		};
/* End PBXFrameworksBuildPhase section */

/* Begin PBXGroup section */
		29DF30341BE0071B00E41B47 = {
			isa = PBXGroup;
			children = (
				29DF303F1BE0071B00E41B47 /* Rapid */,
				29DF30571BE0071B00E41B47 /* RapidTests */,
				29DF30621BE0071B00E41B47 /* RapidUITests */,
				29DF303E1BE0071B00E41B47 /* Products */,
			);
			sourceTree = "<group>";
		};
		29DF303E1BE0071B00E41B47 /* Products */ = {
			isa = PBXGroup;
			children = (
				29DF303D1BE0071B00E41B47 /* Rapid.app */,
				29DF30541BE0071B00E41B47 /* RapidTests.xctest */,
				29DF305F1BE0071B00E41B47 /* RapidUITests.xctest */,
			);
			name = Products;
			sourceTree = "<group>";
		};
		29DF303F1BE0071B00E41B47 /* Rapid */ = {
			isa = PBXGroup;
			children = (
				29DF30401BE0071B00E41B47 /* AppDelegate.swift */,
				29DF30421BE0071B00E41B47 /* ViewController.swift */,
				29F4FE8D1BE1D69D0012657F /* LoadNewsFeed.swift */,
				29DF30441BE0071B00E41B47 /* Main.storyboard */,
				296ACE331BE83A1F00F95FF1 /* Comfortaa-Regular.ttf */,
				296ACE341BE83A1F00F95FF1 /* Comfortaa-Light.ttf */,
				296ACE351BE83A1F00F95FF1 /* Comfortaa-Bold.ttf */,
				29DF304A1BE0071B00E41B47 /* Assets.xcassets */,
				29DF304C1BE0071B00E41B47 /* LaunchScreen.storyboard */,
				29DF304F1BE0071B00E41B47 /* Info.plist */,
				29DF30471BE0071B00E41B47 /* Rapid.xcdatamodeld */,
			);
			path = Rapid;
			sourceTree = "<group>";
		};
		29DF30571BE0071B00E41B47 /* RapidTests */ = {
			isa = PBXGroup;
			children = (
				29DF30581BE0071B00E41B47 /* RapidTests.swift */,
				29DF305A1BE0071B00E41B47 /* Info.plist */,
			);
			path = RapidTests;
			sourceTree = "<group>";
		};
		29DF30621BE0071B00E41B47 /* RapidUITests */ = {
			isa = PBXGroup;
			children = (
				29DF30631BE0071B00E41B47 /* RapidUITests.swift */,
				29DF30651BE0071B00E41B47 /* Info.plist */,
			);
			path = RapidUITests;
			sourceTree = "<group>";
		};
/* End PBXGroup section */

/* Begin PBXNativeTarget section */
		29DF303C1BE0071B00E41B47 /* Rapid */ = {
			isa = PBXNativeTarget;
			buildConfigurationList = 29DF30681BE0071B00E41B47 /* Build configuration list for PBXNativeTarget "Rapid" */;
			buildPhases = (
				29DF30391BE0071B00E41B47 /* Sources */,
				29DF303A1BE0071B00E41B47 /* Frameworks */,
				29DF303B1BE0071B00E41B47 /* Resources */,
			);
			buildRules = (
			);
			dependencies = (
			);
			name = Rapid;
			productName = Rapid;
			productReference = 29DF303D1BE0071B00E41B47 /* Rapid.app */;
			productType = "com.apple.product-type.application";
		};
		29DF30531BE0071B00E41B47 /* RapidTests */ = {
			isa = PBXNativeTarget;
			buildConfigurationList = 29DF306B1BE0071B00E41B47 /* Build configuration list for PBXNativeTarget "RapidTests" */;
			buildPhases = (
				29DF30501BE0071B00E41B47 /* Sources */,
				29DF30511BE0071B00E41B47 /* Frameworks */,
				29DF30521BE0071B00E41B47 /* Resources */,
			);
			buildRules = (
			);
			dependencies = (
				29DF30561BE0071B00E41B47 /* PBXTargetDependency */,
			);
			name = RapidTests;
			productName = RapidTests;
			productReference = 29DF30541BE0071B00E41B47 /* RapidTests.xctest */;
			productType = "com.apple.product-type.bundle.unit-test";
		};
		29DF305E1BE0071B00E41B47 /* RapidUITests */ = {
			isa = PBXNativeTarget;
			buildConfigurationList = 29DF306E1BE0071B00E41B47 /* Build configuration list for PBXNativeTarget "RapidUITests" */;
			buildPhases = (
				29DF305B1BE0071B00E41B47 /* Sources */,
				29DF305C1BE0071B00E41B47 /* Frameworks */,
				29DF305D1BE0071B00E41B47 /* Resources */,
			);
			buildRules = (
			);
			dependencies = (
				29DF30611BE0071B00E41B47 /* PBXTargetDependency */,
			);
			name = RapidUITests;
			productName = RapidUITests;
			productReference = 29DF305F1BE0071B00E41B47 /* RapidUITests.xctest */;
			productType = "com.apple.product-type.bundle.ui-testing";
		};
/* End PBXNativeTarget section */

/* Begin PBXProject section */
		29DF30351BE0071B00E41B47 /* Project object */ = {
			isa = PBXProject;
			attributes = {
				LastSwiftUpdateCheck = 0710;
				LastUpgradeCheck = 0710;
				ORGANIZATIONNAME = "Rapid LLC";
				TargetAttributes = {
					29DF303C1BE0071B00E41B47 = {
						CreatedOnToolsVersion = 7.1;
						DevelopmentTeam = TCP5WZAD83;
					};
					29DF30531BE0071B00E41B47 = {
						CreatedOnToolsVersion = 7.1;
						DevelopmentTeam = TCP5WZAD83;
						TestTargetID = 29DF303C1BE0071B00E41B47;
					};
					29DF305E1BE0071B00E41B47 = {
						CreatedOnToolsVersion = 7.1;
						DevelopmentTeam = TCP5WZAD83;
						TestTargetID = 29DF303C1BE0071B00E41B47;
					};
				};
			};
			buildConfigurationList = 29DF30381BE0071B00E41B47 /* Build configuration list for PBXProject "Rapid" */;
			compatibilityVersion = "Xcode 3.2";
			developmentRegion = English;
			hasScannedForEncodings = 0;
			knownRegions = (
				en,
				Base,
			);
			mainGroup = 29DF30341BE0071B00E41B47;
			productRefGroup = 29DF303E1BE0071B00E41B47 /* Products */;
			projectDirPath = "";
			projectRoot = "";
			targets = (
				29DF303C1BE0071B00E41B47 /* Rapid */,
				29DF30531BE0071B00E41B47 /* RapidTests */,
				29DF305E1BE0071B00E41B47 /* RapidUITests */,
			);
		};
/* End PBXProject section */

/* Begin PBXResourcesBuildPhase section */
		29DF303B1BE0071B00E41B47 /* Resources */ = {
			isa = PBXResourcesBuildPhase;
			buildActionMask = 2147483647;
			files = (
				29DF304E1BE0071B00E41B47 /* LaunchScreen.storyboard in Resources */,
				29DF304B1BE0071B00E41B47 /* Assets.xcassets in Resources */,
				29DF30461BE0071B00E41B47 /* Main.storyboard in Resources */,
			);
			runOnlyForDeploymentPostprocessing = 0;
		};
		29DF30521BE0071B00E41B47 /* Resources */ = {
			isa = PBXResourcesBuildPhase;
			buildActionMask = 2147483647;
			files = (
			);
			runOnlyForDeploymentPostprocessing = 0;
		};
		29DF305D1BE0071B00E41B47 /* Resources */ = {
			isa = PBXResourcesBuildPhase;
			buildActionMask = 2147483647;
			files = (
			);
			runOnlyForDeploymentPostprocessing = 0;
		};
/* End PBXResourcesBuildPhase section */

/* Begin PBXSourcesBuildPhase section */
		29DF30391BE0071B00E41B47 /* Sources */ = {
			isa = PBXSourcesBuildPhase;
			buildActionMask = 2147483647;
			files = (
				29DF30431BE0071B00E41B47 /* ViewController.swift in Sources */,
				29DF30411BE0071B00E41B47 /* AppDelegate.swift in Sources */,
				29F4FE8E1BE1D69D0012657F /* LoadNewsFeed.swift in Sources */,
				29DF30491BE0071B00E41B47 /* Rapid.xcdatamodeld in Sources */,
			);
			runOnlyForDeploymentPostprocessing = 0;
		};
		29DF30501BE0071B00E41B47 /* Sources */ = {
			isa = PBXSourcesBuildPhase;
			buildActionMask = 2147483647;
			files = (
				29DF30591BE0071B00E41B47 /* RapidTests.swift in Sources */,
			);
			runOnlyForDeploymentPostprocessing = 0;
		};
		29DF305B1BE0071B00E41B47 /* Sources */ = {
			isa = PBXSourcesBuildPhase;
			buildActionMask = 2147483647;
			files = (
				29DF30641BE0071B00E41B47 /* RapidUITests.swift in Sources */,
			);
			runOnlyForDeploymentPostprocessing = 0;
		};
/* End PBXSourcesBuildPhase section */

/* Begin PBXTargetDependency section */
		29DF30561BE0071B00E41B47 /* PBXTargetDependency */ = {
			isa = PBXTargetDependency;
			target = 29DF303C1BE0071B00E41B47 /* Rapid */;
			targetProxy = 29DF30551BE0071B00E41B47 /* PBXContainerItemProxy */;
		};
		29DF30611BE0071B00E41B47 /* PBXTargetDependency */ = {
			isa = PBXTargetDependency;
			target = 29DF303C1BE0071B00E41B47 /* Rapid */;
			targetProxy = 29DF30601BE0071B00E41B47 /* PBXContainerItemProxy */;
		};
/* End PBXTargetDependency section */

/* Begin PBXVariantGroup section */
		29DF30441BE0071B00E41B47 /* Main.storyboard */ = {
			isa = PBXVariantGroup;
			children = (
				29DF30451BE0071B00E41B47 /* Base */,
			);
			name = Main.storyboard;
			sourceTree = "<group>";
		};
		29DF304C1BE0071B00E41B47 /* LaunchScreen.storyboard */ = {
			isa = PBXVariantGroup;
			children = (
				29DF304D1BE0071B00E41B47 /* Base */,
			);
			name = LaunchScreen.storyboard;
			sourceTree = "<group>";
		};
/* End PBXVariantGroup section */

/* Begin XCBuildConfiguration section */
		29DF30661BE0071B00E41B47 /* Debug */ = {
			isa = XCBuildConfiguration;
			buildSettings = {
				ALWAYS_SEARCH_USER_PATHS = NO;
				CLANG_CXX_LANGUAGE_STANDARD = "gnu++0x";
				CLANG_CXX_LIBRARY = "libc++";
				CLANG_ENABLE_MODULES = YES;
				CLANG_ENABLE_OBJC_ARC = YES;
				CLANG_WARN_BOOL_CONVERSION = YES;
				CLANG_WARN_CONSTANT_CONVERSION = YES;
				CLANG_WARN_DIRECT_OBJC_ISA_USAGE = YES_ERROR;
				CLANG_WARN_EMPTY_BODY = YES;
				CLANG_WARN_ENUM_CONVERSION = YES;
				CLANG_WARN_INT_CONVERSION = YES;
				CLANG_WARN_OBJC_ROOT_CLASS = YES_ERROR;
				CLANG_WARN_UNREACHABLE_CODE = YES;
				CLANG_WARN__DUPLICATE_METHOD_MATCH = YES;
				"CODE_SIGN_IDENTITY[sdk=iphoneos*]" = "iPhone Developer";
				COPY_PHASE_STRIP = NO;
				DEBUG_INFORMATION_FORMAT = dwarf;
				ENABLE_STRICT_OBJC_MSGSEND = YES;
				ENABLE_TESTABILITY = YES;
				GCC_C_LANGUAGE_STANDARD = gnu99;
				GCC_DYNAMIC_NO_PIC = NO;
				GCC_NO_COMMON_BLOCKS = YES;
				GCC_OPTIMIZATION_LEVEL = 0;
				GCC_PREPROCESSOR_DEFINITIONS = (
					"DEBUG=1",
					"$(inherited)",
				);
				GCC_WARN_64_TO_32_BIT_CONVERSION = YES;
				GCC_WARN_ABOUT_RETURN_TYPE = YES_ERROR;
				GCC_WARN_UNDECLARED_SELECTOR = YES;
				GCC_WARN_UNINITIALIZED_AUTOS = YES_AGGRESSIVE;
				GCC_WARN_UNUSED_FUNCTION = YES;
				GCC_WARN_UNUSED_VARIABLE = YES;
				IPHONEOS_DEPLOYMENT_TARGET = 9.1;
				MTL_ENABLE_DEBUG_INFO = YES;
				ONLY_ACTIVE_ARCH = YES;
				SDKROOT = iphoneos;
				SWIFT_OPTIMIZATION_LEVEL = "-Onone";
				TARGETED_DEVICE_FAMILY = "1,2";
			};
			name = Debug;
		};
		29DF30671BE0071B00E41B47 /* Release */ = {
			isa = XCBuildConfiguration;
			buildSettings = {
				ALWAYS_SEARCH_USER_PATHS = NO;
				CLANG_CXX_LANGUAGE_STANDARD = "gnu++0x";
				CLANG_CXX_LIBRARY = "libc++";
				CLANG_ENABLE_MODULES = YES;
				CLANG_ENABLE_OBJC_ARC = YES;
				CLANG_WARN_BOOL_CONVERSION = YES;
				CLANG_WARN_CONSTANT_CONVERSION = YES;
				CLANG_WARN_DIRECT_OBJC_ISA_USAGE = YES_ERROR;
				CLANG_WARN_EMPTY_BODY = YES;
				CLANG_WARN_ENUM_CONVERSION = YES;
				CLANG_WARN_INT_CONVERSION = YES;
				CLANG_WARN_OBJC_ROOT_CLASS = YES_ERROR;
				CLANG_WARN_UNREACHABLE_CODE = YES;
				CLANG_WARN__DUPLICATE_METHOD_MATCH = YES;
				"CODE_SIGN_IDENTITY[sdk=iphoneos*]" = "iPhone Developer";
				COPY_PHASE_STRIP = NO;
				DEBUG_INFORMATION_FORMAT = "dwarf-with-dsym";
				ENABLE_NS_ASSERTIONS = NO;
				ENABLE_STRICT_OBJC_MSGSEND = YES;
				GCC_C_LANGUAGE_STANDARD = gnu99;
				GCC_NO_COMMON_BLOCKS = YES;
				GCC_WARN_64_TO_32_BIT_CONVERSION = YES;
				GCC_WARN_ABOUT_RETURN_TYPE = YES_ERROR;
				GCC_WARN_UNDECLARED_SELECTOR = YES;
				GCC_WARN_UNINITIALIZED_AUTOS = YES_AGGRESSIVE;
				GCC_WARN_UNUSED_FUNCTION = YES;
				GCC_WARN_UNUSED_VARIABLE = YES;
				IPHONEOS_DEPLOYMENT_TARGET = 9.1;
				MTL_ENABLE_DEBUG_INFO = NO;
				SDKROOT = iphoneos;
				TARGETED_DEVICE_FAMILY = "1,2";
				VALIDATE_PRODUCT = YES;
			};
			name = Release;
		};
		29DF30691BE0071B00E41B47 /* Debug */ = {
			isa = XCBuildConfiguration;
			buildSettings = {
				ASSETCATALOG_COMPILER_APPICON_NAME = AppIcon;
				CLANG_ENABLE_MODULES = YES;
				INFOPLIST_FILE = Rapid/Info.plist;
				LD_RUNPATH_SEARCH_PATHS = "$(inherited) @executable_path/Frameworks";
				PRODUCT_BUNDLE_IDENTIFIER = com.rapid.app.Rapid;
				PRODUCT_NAME = "$(TARGET_NAME)";
				SWIFT_OBJC_BRIDGING_HEADER = "Rapid/Rapid-Bridging-Header.h";
				SWIFT_OPTIMIZATION_LEVEL = "-Onone";
			};
			name = Debug;
		};
		29DF306A1BE0071B00E41B47 /* Release */ = {
			isa = XCBuildConfiguration;
			buildSettings = {
				ASSETCATALOG_COMPILER_APPICON_NAME = AppIcon;
				CLANG_ENABLE_MODULES = YES;
				INFOPLIST_FILE = Rapid/Info.plist;
				LD_RUNPATH_SEARCH_PATHS = "$(inherited) @executable_path/Frameworks";
				PRODUCT_BUNDLE_IDENTIFIER = com.rapid.app.Rapid;
				PRODUCT_NAME = "$(TARGET_NAME)";
				SWIFT_OBJC_BRIDGING_HEADER = "Rapid/Rapid-Bridging-Header.h";
			};
			name = Release;
		};
		29DF306C1BE0071B00E41B47 /* Debug */ = {
			isa = XCBuildConfiguration;
			buildSettings = {
				BUNDLE_LOADER = "$(TEST_HOST)";
				INFOPLIST_FILE = RapidTests/Info.plist;
				LD_RUNPATH_SEARCH_PATHS = "$(inherited) @executable_path/Frameworks @loader_path/Frameworks";
				PRODUCT_BUNDLE_IDENTIFIER = com.rapid.app.RapidTests;
				PRODUCT_NAME = "$(TARGET_NAME)";
				TEST_HOST = "$(BUILT_PRODUCTS_DIR)/Rapid.app/Rapid";
			};
			name = Debug;
		};
		29DF306D1BE0071B00E41B47 /* Release */ = {
			isa = XCBuildConfiguration;
			buildSettings = {
				BUNDLE_LOADER = "$(TEST_HOST)";
				INFOPLIST_FILE = RapidTests/Info.plist;
				LD_RUNPATH_SEARCH_PATHS = "$(inherited) @executable_path/Frameworks @loader_path/Frameworks";
				PRODUCT_BUNDLE_IDENTIFIER = com.rapid.app.RapidTests;
				PRODUCT_NAME = "$(TARGET_NAME)";
				TEST_HOST = "$(BUILT_PRODUCTS_DIR)/Rapid.app/Rapid";
			};
			name = Release;
		};
		29DF306F1BE0071B00E41B47 /* Debug */ = {
			isa = XCBuildConfiguration;
			buildSettings = {
				INFOPLIST_FILE = RapidUITests/Info.plist;
				LD_RUNPATH_SEARCH_PATHS = "$(inherited) @executable_path/Frameworks @loader_path/Frameworks";
				PRODUCT_BUNDLE_IDENTIFIER = com.rapid.app.RapidUITests;
				PRODUCT_NAME = "$(TARGET_NAME)";
				TEST_TARGET_NAME = Rapid;
				USES_XCTRUNNER = YES;
			};
			name = Debug;
		};
		29DF30701BE0071B00E41B47 /* Release */ = {
			isa = XCBuildConfiguration;
			buildSettings = {
				INFOPLIST_FILE = RapidUITests/Info.plist;
				LD_RUNPATH_SEARCH_PATHS = "$(inherited) @executable_path/Frameworks @loader_path/Frameworks";
				PRODUCT_BUNDLE_IDENTIFIER = com.rapid.app.RapidUITests;
				PRODUCT_NAME = "$(TARGET_NAME)";
				TEST_TARGET_NAME = Rapid;
				USES_XCTRUNNER = YES;
			};
			name = Release;
		};
/* End XCBuildConfiguration section */

/* Begin XCConfigurationList section */
		29DF30381BE0071B00E41B47 /* Build configuration list for PBXProject "Rapid" */ = {
			isa = XCConfigurationList;
			buildConfigurations = (
				29DF30661BE0071B00E41B47 /* Debug */,
				29DF30671BE0071B00E41B47 /* Release */,
			);
			defaultConfigurationIsVisible = 0;
			defaultConfigurationName = Release;
		};
		29DF30681BE0071B00E41B47 /* Build configuration list for PBXNativeTarget "Rapid" */ = {
			isa = XCConfigurationList;
			buildConfigurations = (
				29DF30691BE0071B00E41B47 /* Debug */,
				29DF306A1BE0071B00E41B47 /* Release */,
			);
			defaultConfigurationIsVisible = 0;
			defaultConfigurationName = Release;
		};
		29DF306B1BE0071B00E41B47 /* Build configuration list for PBXNativeTarget "RapidTests" */ = {
			isa = XCConfigurationList;
			buildConfigurations = (
				29DF306C1BE0071B00E41B47 /* Debug */,
				29DF306D1BE0071B00E41B47 /* Release */,
			);
			defaultConfigurationIsVisible = 0;
			defaultConfigurationName = Release;
		};
		29DF306E1BE0071B00E41B47 /* Build configuration list for PBXNativeTarget "RapidUITests" */ = {
			isa = XCConfigurationList;
			buildConfigurations = (
				29DF306F1BE0071B00E41B47 /* Debug */,
				29DF30701BE0071B00E41B47 /* Release */,
			);
			defaultConfigurationIsVisible = 0;
			defaultConfigurationName = Release;
		};
/* End XCConfigurationList section */

/* Begin XCVersionGroup section */
		29DF30471BE0071B00E41B47 /* Rapid.xcdatamodeld */ = {
			isa = XCVersionGroup;
			children = (
				29DF30481BE0071B00E41B47 /* Rapid.xcdatamodel */,
			);
			currentVersion = 29DF30481BE0071B00E41B47 /* Rapid.xcdatamodel */;
			path = Rapid.xcdatamodeld;
			sourceTree = "<group>";
			versionGroupType = wrapper.xcdatamodel;
		};
/* End XCVersionGroup section */
	};
	rootObject = 29DF30351BE0071B00E41B47 /* Project object */;
}
